
Microsoft Visual Studio Solution File, Format Version 12.00
# Visual Studio Version 17
VisualStudioVersion = 17.0.31903.59
MinimumVisualStudioVersion = 10.0.40219.1
Project("{2150E333-8FDC-42A3-9474-1A3956D46DE8}") = "MyPo.Blazor", "MyPo.Blazor", "{B50AB068-3C6E-465A-8214-37BF86AB5951}"
EndProject
Project("{9A19103F-16F7-4668-BE54-9A1E7A4F7556}") = "MyPo.Blazor", "MyPo.Blazor\MyPo.Blazor\MyPo.Blazor.csproj", "{AF40532F-5258-459D-83C6-D8F82380F3CB}"
EndProject
Project("{9A19103F-16F7-4668-BE54-9A1E7A4F7556}") = "MyPo.Blazor.Client", "MyPo.Blazor\MyPo.Blazor.Client\MyPo.Blazor.Client.csproj", "{EA2C17B3-4A80-4505-A1D0-6E25257BE895}"
EndProject
Project("{9A19103F-16F7-4668-BE54-9A1E7A4F7556}") = "MyPo.Shared", "MyPo.Shared\MyPo.Shared.csproj", "{BC276144-D586-4EBC-9A12-DCDC123FA0C4}"
EndProject
Project("{9A19103F-16F7-4668-BE54-9A1E7A4F7556}") = "MyPo.Shared.EF", "MyPo.Shared.EF\MyPo.Shared.EF.csproj", "{BE72AA6E-1265-45D3-9EBD-2F2504A74A13}"
EndProject
Project("{9A19103F-16F7-4668-BE54-9A1E7A4F7556}") = "MyPo.Api", "MyPo.Api\MyPo.Api.csproj", "{315306DC-DFB8-45E4-BDF8-E7B8A39DF56F}"
EndProject
Project("{9A19103F-16F7-4668-BE54-9A1E7A4F7556}") = "MyPo.Blazor.App", "MyPo.Blazor\MyPo.Blazor.App\MyPo.Blazor.App.csproj", "{DB2CC8C7-4538-4C28-B711-E3F9FAAD6937}"
EndProject
Project("{FAE04EC0-301F-11D3-BF4B-00C04F79EFBC}") = "MyPo.Libs", "MyPo.Libs\MyPo.Libs.csproj", "{7360F9A3-46CB-4BE9-99DA-9B713CD880BA}"
EndProject
Project("{FAE04EC0-301F-11D3-BF4B-00C04F79EFBC}") = "MyPo.Blazor.Demo.App", "MyPo.Blazor\MyPo.Blazor.Demo.App\MyPo.Blazor.Demo.App.csproj", "{954A3D56-7179-4CCC-A041-DA267103D926}"
EndProject
Project("{FAE04EC0-301F-11D3-BF4B-00C04F79EFBC}") = "MyPo.Shared.Api", "MyPo.Shared.Api\MyPo.Shared.Api.csproj", "{9851BE2A-D667-414C-B0DF-C57CD43D186C}"
EndProject
Project("{FAE04EC0-301F-11D3-BF4B-00C04F79EFBC}") = "MyPo.Demo.Shared", "MyPo.Demo.Shared\MyPo.Demo.Shared.csproj", "{E0216A11-F914-440D-A345-31E51A730CA2}"
EndProject
Project("{FAE04EC0-301F-11D3-BF4B-00C04F79EFBC}") = "MyPo.Demo.Api", "MyPo.Demo.Api\MyPo.Demo.Api.csproj", "{A6D9D115-1ED8-4516-9E06-A3A25DBE180F}"
EndProject
Global
	GlobalSection(SolutionConfigurationPlatforms) = preSolution
		Debug|Any CPU = Debug|Any CPU
		Debug|x64 = Debug|x64
		Debug|x86 = Debug|x86
		Release|Any CPU = Release|Any CPU
		Release|x64 = Release|x64
		Release|x86 = Release|x86
	EndGlobalSection
	GlobalSection(ProjectConfigurationPlatforms) = postSolution
		{AF40532F-5258-459D-83C6-D8F82380F3CB}.Debug|Any CPU.ActiveCfg = Debug|Any CPU
		{AF40532F-5258-459D-83C6-D8F82380F3CB}.Debug|Any CPU.Build.0 = Debug|Any CPU
		{AF40532F-5258-459D-83C6-D8F82380F3CB}.Debug|x64.ActiveCfg = Debug|Any CPU
		{AF40532F-5258-459D-83C6-D8F82380F3CB}.Debug|x64.Build.0 = Debug|Any CPU
		{AF40532F-5258-459D-83C6-D8F82380F3CB}.Debug|x86.ActiveCfg = Debug|Any CPU
		{AF40532F-5258-459D-83C6-D8F82380F3CB}.Debug|x86.Build.0 = Debug|Any CPU
		{AF40532F-5258-459D-83C6-D8F82380F3CB}.Release|Any CPU.ActiveCfg = Release|Any CPU
		{AF40532F-5258-459D-83C6-D8F82380F3CB}.Release|Any CPU.Build.0 = Release|Any CPU
		{AF40532F-5258-459D-83C6-D8F82380F3CB}.Release|x64.ActiveCfg = Release|Any CPU
		{AF40532F-5258-459D-83C6-D8F82380F3CB}.Release|x64.Build.0 = Release|Any CPU
		{AF40532F-5258-459D-83C6-D8F82380F3CB}.Release|x86.ActiveCfg = Release|Any CPU
		{AF40532F-5258-459D-83C6-D8F82380F3CB}.Release|x86.Build.0 = Release|Any CPU
		{EA2C17B3-4A80-4505-A1D0-6E25257BE895}.Debug|Any CPU.ActiveCfg = Debug|Any CPU
		{EA2C17B3-4A80-4505-A1D0-6E25257BE895}.Debug|Any CPU.Build.0 = Debug|Any CPU
		{EA2C17B3-4A80-4505-A1D0-6E25257BE895}.Debug|x64.ActiveCfg = Debug|Any CPU
		{EA2C17B3-4A80-4505-A1D0-6E25257BE895}.Debug|x64.Build.0 = Debug|Any CPU
		{EA2C17B3-4A80-4505-A1D0-6E25257BE895}.Debug|x86.ActiveCfg = Debug|Any CPU
		{EA2C17B3-4A80-4505-A1D0-6E25257BE895}.Debug|x86.Build.0 = Debug|Any CPU
		{EA2C17B3-4A80-4505-A1D0-6E25257BE895}.Release|Any CPU.ActiveCfg = Release|Any CPU
		{EA2C17B3-4A80-4505-A1D0-6E25257BE895}.Release|Any CPU.Build.0 = Release|Any CPU
		{EA2C17B3-4A80-4505-A1D0-6E25257BE895}.Release|x64.ActiveCfg = Release|Any CPU
		{EA2C17B3-4A80-4505-A1D0-6E25257BE895}.Release|x64.Build.0 = Release|Any CPU
		{EA2C17B3-4A80-4505-A1D0-6E25257BE895}.Release|x86.ActiveCfg = Release|Any CPU
		{EA2C17B3-4A80-4505-A1D0-6E25257BE895}.Release|x86.Build.0 = Release|Any CPU
		{BC276144-D586-4EBC-9A12-DCDC123FA0C4}.Debug|Any CPU.ActiveCfg = Debug|Any CPU
		{BC276144-D586-4EBC-9A12-DCDC123FA0C4}.Debug|Any CPU.Build.0 = Debug|Any CPU
		{BC276144-D586-4EBC-9A12-DCDC123FA0C4}.Debug|x64.ActiveCfg = Debug|Any CPU
		{BC276144-D586-4EBC-9A12-DCDC123FA0C4}.Debug|x64.Build.0 = Debug|Any CPU
		{BC276144-D586-4EBC-9A12-DCDC123FA0C4}.Debug|x86.ActiveCfg = Debug|Any CPU
		{BC276144-D586-4EBC-9A12-DCDC123FA0C4}.Debug|x86.Build.0 = Debug|Any CPU
		{BC276144-D586-4EBC-9A12-DCDC123FA0C4}.Release|Any CPU.ActiveCfg = Release|Any CPU
		{BC276144-D586-4EBC-9A12-DCDC123FA0C4}.Release|Any CPU.Build.0 = Release|Any CPU
		{BC276144-D586-4EBC-9A12-DCDC123FA0C4}.Release|x64.ActiveCfg = Release|Any CPU
		{BC276144-D586-4EBC-9A12-DCDC123FA0C4}.Release|x64.Build.0 = Release|Any CPU
		{BC276144-D586-4EBC-9A12-DCDC123FA0C4}.Release|x86.ActiveCfg = Release|Any CPU
		{BC276144-D586-4EBC-9A12-DCDC123FA0C4}.Release|x86.Build.0 = Release|Any CPU
		{BE72AA6E-1265-45D3-9EBD-2F2504A74A13}.Debug|Any CPU.ActiveCfg = Debug|Any CPU
		{BE72AA6E-1265-45D3-9EBD-2F2504A74A13}.Debug|Any CPU.Build.0 = Debug|Any CPU
		{BE72AA6E-1265-45D3-9EBD-2F2504A74A13}.Debug|x64.ActiveCfg = Debug|Any CPU
		{BE72AA6E-1265-45D3-9EBD-2F2504A74A13}.Debug|x64.Build.0 = Debug|Any CPU
		{BE72AA6E-1265-45D3-9EBD-2F2504A74A13}.Debug|x86.ActiveCfg = Debug|Any CPU
		{BE72AA6E-1265-45D3-9EBD-2F2504A74A13}.Debug|x86.Build.0 = Debug|Any CPU
		{BE72AA6E-1265-45D3-9EBD-2F2504A74A13}.Release|Any CPU.ActiveCfg = Release|Any CPU
		{BE72AA6E-1265-45D3-9EBD-2F2504A74A13}.Release|Any CPU.Build.0 = Release|Any CPU
		{BE72AA6E-1265-45D3-9EBD-2F2504A74A13}.Release|x64.ActiveCfg = Release|Any CPU
		{BE72AA6E-1265-45D3-9EBD-2F2504A74A13}.Release|x64.Build.0 = Release|Any CPU
		{BE72AA6E-1265-45D3-9EBD-2F2504A74A13}.Release|x86.ActiveCfg = Release|Any CPU
		{BE72AA6E-1265-45D3-9EBD-2F2504A74A13}.Release|x86.Build.0 = Release|Any CPU
		{315306DC-DFB8-45E4-BDF8-E7B8A39DF56F}.Debug|Any CPU.ActiveCfg = Debug|Any CPU
		{315306DC-DFB8-45E4-BDF8-E7B8A39DF56F}.Debug|Any CPU.Build.0 = Debug|Any CPU
		{315306DC-DFB8-45E4-BDF8-E7B8A39DF56F}.Debug|x64.ActiveCfg = Debug|Any CPU
		{315306DC-DFB8-45E4-BDF8-E7B8A39DF56F}.Debug|x64.Build.0 = Debug|Any CPU
		{315306DC-DFB8-45E4-BDF8-E7B8A39DF56F}.Debug|x86.ActiveCfg = Debug|Any CPU
		{315306DC-DFB8-45E4-BDF8-E7B8A39DF56F}.Debug|x86.Build.0 = Debug|Any CPU
		{315306DC-DFB8-45E4-BDF8-E7B8A39DF56F}.Release|Any CPU.ActiveCfg = Release|Any CPU
		{315306DC-DFB8-45E4-BDF8-E7B8A39DF56F}.Release|Any CPU.Build.0 = Release|Any CPU
		{315306DC-DFB8-45E4-BDF8-E7B8A39DF56F}.Release|x64.ActiveCfg = Release|Any CPU
		{315306DC-DFB8-45E4-BDF8-E7B8A39DF56F}.Release|x64.Build.0 = Release|Any CPU
		{315306DC-DFB8-45E4-BDF8-E7B8A39DF56F}.Release|x86.ActiveCfg = Release|Any CPU
		{315306DC-DFB8-45E4-BDF8-E7B8A39DF56F}.Release|x86.Build.0 = Release|Any CPU
		{DB2CC8C7-4538-4C28-B711-E3F9FAAD6937}.Debug|Any CPU.ActiveCfg = Debug|Any CPU
		{DB2CC8C7-4538-4C28-B711-E3F9FAAD6937}.Debug|Any CPU.Build.0 = Debug|Any CPU
		{DB2CC8C7-4538-4C28-B711-E3F9FAAD6937}.Debug|x64.ActiveCfg = Debug|Any CPU
		{DB2CC8C7-4538-4C28-B711-E3F9FAAD6937}.Debug|x64.Build.0 = Debug|Any CPU
		{DB2CC8C7-4538-4C28-B711-E3F9FAAD6937}.Debug|x86.ActiveCfg = Debug|Any CPU
		{DB2CC8C7-4538-4C28-B711-E3F9FAAD6937}.Debug|x86.Build.0 = Debug|Any CPU
		{DB2CC8C7-4538-4C28-B711-E3F9FAAD6937}.Release|Any CPU.ActiveCfg = Release|Any CPU
		{DB2CC8C7-4538-4C28-B711-E3F9FAAD6937}.Release|Any CPU.Build.0 = Release|Any CPU
		{DB2CC8C7-4538-4C28-B711-E3F9FAAD6937}.Release|x64.ActiveCfg = Release|Any CPU
		{DB2CC8C7-4538-4C28-B711-E3F9FAAD6937}.Release|x64.Build.0 = Release|Any CPU
		{DB2CC8C7-4538-4C28-B711-E3F9FAAD6937}.Release|x86.ActiveCfg = Release|Any CPU
		{DB2CC8C7-4538-4C28-B711-E3F9FAAD6937}.Release|x86.Build.0 = Release|Any CPU
		{7360F9A3-46CB-4BE9-99DA-9B713CD880BA}.Debug|Any CPU.ActiveCfg = Debug|Any CPU
		{7360F9A3-46CB-4BE9-99DA-9B713CD880BA}.Debug|Any CPU.Build.0 = Debug|Any CPU
		{7360F9A3-46CB-4BE9-99DA-9B713CD880BA}.Debug|x64.ActiveCfg = Debug|Any CPU
		{7360F9A3-46CB-4BE9-99DA-9B713CD880BA}.Debug|x64.Build.0 = Debug|Any CPU
		{7360F9A3-46CB-4BE9-99DA-9B713CD880BA}.Debug|x86.ActiveCfg = Debug|Any CPU
		{7360F9A3-46CB-4BE9-99DA-9B713CD880BA}.Debug|x86.Build.0 = Debug|Any CPU
		{7360F9A3-46CB-4BE9-99DA-9B713CD880BA}.Release|Any CPU.ActiveCfg = Release|Any CPU
		{7360F9A3-46CB-4BE9-99DA-9B713CD880BA}.Release|Any CPU.Build.0 = Release|Any CPU
		{7360F9A3-46CB-4BE9-99DA-9B713CD880BA}.Release|x64.ActiveCfg = Release|Any CPU
		{7360F9A3-46CB-4BE9-99DA-9B713CD880BA}.Release|x64.Build.0 = Release|Any CPU
		{7360F9A3-46CB-4BE9-99DA-9B713CD880BA}.Release|x86.ActiveCfg = Release|Any CPU
		{7360F9A3-46CB-4BE9-99DA-9B713CD880BA}.Release|x86.Build.0 = Release|Any CPU
		{954A3D56-7179-4CCC-A041-DA267103D926}.Debug|Any CPU.ActiveCfg = Debug|Any CPU
		{954A3D56-7179-4CCC-A041-DA267103D926}.Debug|Any CPU.Build.0 = Debug|Any CPU
		{954A3D56-7179-4CCC-A041-DA267103D926}.Debug|x64.ActiveCfg = Debug|Any CPU
		{954A3D56-7179-4CCC-A041-DA267103D926}.Debug|x64.Build.0 = Debug|Any CPU
		{954A3D56-7179-4CCC-A041-DA267103D926}.Debug|x86.ActiveCfg = Debug|Any CPU
		{954A3D56-7179-4CCC-A041-DA267103D926}.Debug|x86.Build.0 = Debug|Any CPU
		{954A3D56-7179-4CCC-A041-DA267103D926}.Release|Any CPU.ActiveCfg = Release|Any CPU
		{954A3D56-7179-4CCC-A041-DA267103D926}.Release|Any CPU.Build.0 = Release|Any CPU
		{954A3D56-7179-4CCC-A041-DA267103D926}.Release|x64.ActiveCfg = Release|Any CPU
		{954A3D56-7179-4CCC-A041-DA267103D926}.Release|x64.Build.0 = Release|Any CPU
		{954A3D56-7179-4CCC-A041-DA267103D926}.Release|x86.ActiveCfg = Release|Any CPU
		{954A3D56-7179-4CCC-A041-DA267103D926}.Release|x86.Build.0 = Release|Any CPU
		{9851BE2A-D667-414C-B0DF-C57CD43D186C}.Debug|Any CPU.ActiveCfg = Debug|Any CPU
		{9851BE2A-D667-414C-B0DF-C57CD43D186C}.Debug|Any CPU.Build.0 = Debug|Any CPU
		{9851BE2A-D667-414C-B0DF-C57CD43D186C}.Debug|x64.ActiveCfg = Debug|Any CPU
		{9851BE2A-D667-414C-B0DF-C57CD43D186C}.Debug|x64.Build.0 = Debug|Any CPU
		{9851BE2A-D667-414C-B0DF-C57CD43D186C}.Debug|x86.ActiveCfg = Debug|Any CPU
		{9851BE2A-D667-414C-B0DF-C57CD43D186C}.Debug|x86.Build.0 = Debug|Any CPU
		{9851BE2A-D667-414C-B0DF-C57CD43D186C}.Release|Any CPU.ActiveCfg = Release|Any CPU
		{9851BE2A-D667-414C-B0DF-C57CD43D186C}.Release|Any CPU.Build.0 = Release|Any CPU
		{9851BE2A-D667-414C-B0DF-C57CD43D186C}.Release|x64.ActiveCfg = Release|Any CPU
		{9851BE2A-D667-414C-B0DF-C57CD43D186C}.Release|x64.Build.0 = Release|Any CPU
		{9851BE2A-D667-414C-B0DF-C57CD43D186C}.Release|x86.ActiveCfg = Release|Any CPU
		{9851BE2A-D667-414C-B0DF-C57CD43D186C}.Release|x86.Build.0 = Release|Any CPU
		{E0216A11-F914-440D-A345-31E51A730CA2}.Debug|Any CPU.ActiveCfg = Debug|Any CPU
		{E0216A11-F914-440D-A345-31E51A730CA2}.Debug|Any CPU.Build.0 = Debug|Any CPU
		{E0216A11-F914-440D-A345-31E51A730CA2}.Debug|x64.ActiveCfg = Debug|Any CPU
		{E0216A11-F914-440D-A345-31E51A730CA2}.Debug|x64.Build.0 = Debug|Any CPU
		{E0216A11-F914-440D-A345-31E51A730CA2}.Debug|x86.ActiveCfg = Debug|Any CPU
		{E0216A11-F914-440D-A345-31E51A730CA2}.Debug|x86.Build.0 = Debug|Any CPU
		{E0216A11-F914-440D-A345-31E51A730CA2}.Release|Any CPU.ActiveCfg = Release|Any CPU
		{E0216A11-F914-440D-A345-31E51A730CA2}.Release|Any CPU.Build.0 = Release|Any CPU
		{E0216A11-F914-440D-A345-31E51A730CA2}.Release|x64.ActiveCfg = Release|Any CPU
		{E0216A11-F914-440D-A345-31E51A730CA2}.Release|x64.Build.0 = Release|Any CPU
		{E0216A11-F914-440D-A345-31E51A730CA2}.Release|x86.ActiveCfg = Release|Any CPU
		{E0216A11-F914-440D-A345-31E51A730CA2}.Release|x86.Build.0 = Release|Any CPU
		{A6D9D115-1ED8-4516-9E06-A3A25DBE180F}.Debug|Any CPU.ActiveCfg = Debug|Any CPU
		{A6D9D115-1ED8-4516-9E06-A3A25DBE180F}.Debug|Any CPU.Build.0 = Debug|Any CPU
		{A6D9D115-1ED8-4516-9E06-A3A25DBE180F}.Debug|x64.ActiveCfg = Debug|Any CPU
		{A6D9D115-1ED8-4516-9E06-A3A25DBE180F}.Debug|x64.Build.0 = Debug|Any CPU
		{A6D9D115-1ED8-4516-9E06-A3A25DBE180F}.Debug|x86.ActiveCfg = Debug|Any CPU
		{A6D9D115-1ED8-4516-9E06-A3A25DBE180F}.Debug|x86.Build.0 = Debug|Any CPU
		{A6D9D115-1ED8-4516-9E06-A3A25DBE180F}.Release|Any CPU.ActiveCfg = Release|Any CPU
		{A6D9D115-1ED8-4516-9E06-A3A25DBE180F}.Release|Any CPU.Build.0 = Release|Any CPU
		{A6D9D115-1ED8-4516-9E06-A3A25DBE180F}.Release|x64.ActiveCfg = Release|Any CPU
		{A6D9D115-1ED8-4516-9E06-A3A25DBE180F}.Release|x64.Build.0 = Release|Any CPU
		{A6D9D115-1ED8-4516-9E06-A3A25DBE180F}.Release|x86.ActiveCfg = Release|Any CPU
		{A6D9D115-1ED8-4516-9E06-A3A25DBE180F}.Release|x86.Build.0 = Release|Any CPU
	EndGlobalSection
	GlobalSection(SolutionProperties) = preSolution
		HideSolutionNode = FALSE
	EndGlobalSection
	GlobalSection(NestedProjects) = preSolution
		{AF40532F-5258-459D-83C6-D8F82380F3CB} = {B50AB068-3C6E-465A-8214-37BF86AB5951}
		{EA2C17B3-4A80-4505-A1D0-6E25257BE895} = {B50AB068-3C6E-465A-8214-37BF86AB5951}
		{DB2CC8C7-4538-4C28-B711-E3F9FAAD6937} = {B50AB068-3C6E-465A-8214-37BF86AB5951}
		{954A3D56-7179-4CCC-A041-DA267103D926} = {B50AB068-3C6E-465A-8214-37BF86AB5951}
	EndGlobalSection
	GlobalSection(ExtensibilityGlobals) = postSolution
		SolutionGuid = {550AECC4-79E6-4C55-BC16-C1F5B875A87F}
	EndGlobalSection
EndGlobal
